
Microsoft Visual Studio Solution File, Format Version 12.00
# Visual Studio Version 17
VisualStudioVersion = 17.14.36202.13 d17.14
MinimumVisualStudioVersion = 10.0.40219.1
Project("{FAE04EC0-301F-11D3-BF4B-00C04F79EFBC}") = "Assignment-10.1", "Assignment-10.1.csproj", "{8698825D-96BB-4AE5-B379-672AF0978DEA}"
EndProject
Global
	GlobalSection(SolutionConfigurationPlatforms) = preSolution
		Debug|Any CPU = Debug|Any CPU
		Release|Any CPU = Release|Any CPU
	EndGlobalSection
	GlobalSection(ProjectConfigurationPlatforms) = postSolution
		{8698825D-96BB-4AE5-B379-672AF0978DEA}.Debug|Any CPU.ActiveCfg = Debug|Any CPU
		{8698825D-96BB-4AE5-B379-672AF0978DEA}.Debug|Any CPU.Build.0 = Debug|Any CPU
		{8698825D-96BB-4AE5-B379-672AF0978DEA}.Release|Any CPU.ActiveCfg = Release|Any CPU
		{8698825D-96BB-4AE5-B379-672AF0978DEA}.Release|Any CPU.Build.0 = Release|Any CPU
	EndGlobalSection
	GlobalSection(SolutionProperties) = preSolution
		HideSolutionNode = FALSE
	EndGlobalSection
	GlobalSection(ExtensibilityGlobals) = postSolution
		SolutionGuid = {94A5FCE5-08C5-4335-84F2-B207410C7ACC}
	EndGlobalSection
EndGlobal
